
Microsoft Visual Studio Solution File, Format Version 12.00
# Visual Studio Version 16
VisualStudioVersion = 16.0.30611.23
MinimumVisualStudioVersion = 10.0.40219.1
Project("{FAE04EC0-301F-11D3-BF4B-00C04F79EFBC}") = "CLR_DEV9", "CLR_DEV9\CLR_DEV9.csproj", "{DE0CAEC7-620B-408D-8860-D3245B928FB8}"
EndProject
Project("{8BC9CEB8-8B4A-11D0-8D11-00A0C91BC942}") = "CLR_DEV9_LINUX", "CLR_DEV9_LINUX\CLR_DEV9_LINUX.vcxproj", "{BBE69859-B36E-4D2B-B7F1-0A32900286A0}"
EndProject
Project("{8BC9CEB8-8B4A-11D0-8D11-00A0C91BC942}") = "CLR_EMBED_TEST", "CLR_EMBED_TEST\CLR_EMBED_TEST.vcxproj", "{2DDC2238-E5C6-4297-B607-9EA7975DBF36}"
EndProject
Project("{FAE04EC0-301F-11D3-BF4B-00C04F79EFBC}") = "UPNP Test Thing", "UPNP Test Thing\UPNP Test Thing\UPNP Test Thing.csproj", "{3D7A1BDA-4262-4CBC-93B5-41421018044A}"
EndProject
Project("{FAE04EC0-301F-11D3-BF4B-00C04F79EFBC}") = "DNS Test Thing", "DNS Test Thing\DNS Test Thing.csproj", "{4B9F951B-A79B-4FDA-A6A4-84F3E4754FC5}"
EndProject
Project("{9A19103F-16F7-4668-BE54-9A1E7A4F7556}") = "CLR_DEV9_CORE", "CLR_DEV9\CLR_DEV9_CORE.csproj", "{C8AAB8A9-E68C-483D-9C7F-214350902CCE}"
EndProject
Project("{8BC9CEB8-8B4A-11D0-8D11-00A0C91BC942}") = "CLR_DEV9_LINUX_MONO", "CLR_DEV9_LINUX_MONO\CLR_DEV9_LINUX_MONO.vcxproj", "{5E6D369F-7F00-4C44-8BC1-1E72C905492B}"
	ProjectSection(ProjectDependencies) = postProject
		{DE0CAEC7-620B-408D-8860-D3245B928FB8} = {DE0CAEC7-620B-408D-8860-D3245B928FB8}
	EndProjectSection
EndProject
Project("{FAE04EC0-301F-11D3-BF4B-00C04F79EFBC}") = "MonoTest", "MonoTest\MonoTest.csproj", "{8FEDBF0B-CC55-495B-92D4-2C2F2CA53AEA}"
EndProject
Project("{8BC9CEB8-8B4A-11D0-8D11-00A0C91BC942}") = "MonoTestEmbed", "MonoTestEmbed\MonoTestEmbed.vcxproj", "{D9D04929-AF99-48CC-890C-0D4558AC1F61}"
	ProjectSection(ProjectDependencies) = postProject
		{8FEDBF0B-CC55-495B-92D4-2C2F2CA53AEA} = {8FEDBF0B-CC55-495B-92D4-2C2F2CA53AEA}
		{32747DBB-076F-48D4-8A4F-B062DC8CDEEB} = {32747DBB-076F-48D4-8A4F-B062DC8CDEEB}
	EndProjectSection
EndProject
Project("{8BC9CEB8-8B4A-11D0-8D11-00A0C91BC942}") = "MonoTestEmbedLib", "MonoTestEmbedLib\MonoTestEmbedLib.vcxproj", "{32747DBB-076F-48D4-8A4F-B062DC8CDEEB}"
EndProject
Global
	GlobalSection(SolutionConfigurationPlatforms) = preSolution
		Debug|Any CPU = Debug|Any CPU
		Debug|x64 = Debug|x64
		Debug|x86 = Debug|x86
		Release|Any CPU = Release|Any CPU
		Release|x64 = Release|x64
		Release|x86 = Release|x86
		TestApps|Any CPU = TestApps|Any CPU
		TestApps|x64 = TestApps|x64
		TestApps|x86 = TestApps|x86
	EndGlobalSection
	GlobalSection(ProjectConfigurationPlatforms) = postSolution
		{DE0CAEC7-620B-408D-8860-D3245B928FB8}.Debug|Any CPU.ActiveCfg = Debug|Any CPU
		{DE0CAEC7-620B-408D-8860-D3245B928FB8}.Debug|Any CPU.Build.0 = Debug|Any CPU
		{DE0CAEC7-620B-408D-8860-D3245B928FB8}.Debug|x64.ActiveCfg = Debug|Any CPU
		{DE0CAEC7-620B-408D-8860-D3245B928FB8}.Debug|x64.Build.0 = Debug|Any CPU
		{DE0CAEC7-620B-408D-8860-D3245B928FB8}.Debug|x86.ActiveCfg = Debug|Any CPU
		{DE0CAEC7-620B-408D-8860-D3245B928FB8}.Debug|x86.Build.0 = Debug|Any CPU
		{DE0CAEC7-620B-408D-8860-D3245B928FB8}.Release|Any CPU.ActiveCfg = Release|Any CPU
		{DE0CAEC7-620B-408D-8860-D3245B928FB8}.Release|Any CPU.Build.0 = Release|Any CPU
		{DE0CAEC7-620B-408D-8860-D3245B928FB8}.Release|x64.ActiveCfg = Release|Any CPU
		{DE0CAEC7-620B-408D-8860-D3245B928FB8}.Release|x64.Build.0 = Release|Any CPU
		{DE0CAEC7-620B-408D-8860-D3245B928FB8}.Release|x86.ActiveCfg = Release|Any CPU
		{DE0CAEC7-620B-408D-8860-D3245B928FB8}.Release|x86.Build.0 = Release|Any CPU
		{DE0CAEC7-620B-408D-8860-D3245B928FB8}.TestApps|Any CPU.ActiveCfg = TestApps|Any CPU
		{DE0CAEC7-620B-408D-8860-D3245B928FB8}.TestApps|Any CPU.Build.0 = TestApps|Any CPU
		{DE0CAEC7-620B-408D-8860-D3245B928FB8}.TestApps|x64.ActiveCfg = TestApps|Any CPU
		{DE0CAEC7-620B-408D-8860-D3245B928FB8}.TestApps|x64.Build.0 = TestApps|Any CPU
		{DE0CAEC7-620B-408D-8860-D3245B928FB8}.TestApps|x86.ActiveCfg = TestApps|Any CPU
		{DE0CAEC7-620B-408D-8860-D3245B928FB8}.TestApps|x86.Build.0 = TestApps|Any CPU
		{BBE69859-B36E-4D2B-B7F1-0A32900286A0}.Debug|Any CPU.ActiveCfg = Debug|x86
		{BBE69859-B36E-4D2B-B7F1-0A32900286A0}.Debug|x64.ActiveCfg = Debug|x64
		{BBE69859-B36E-4D2B-B7F1-0A32900286A0}.Debug|x64.Build.0 = Debug|x64
		{BBE69859-B36E-4D2B-B7F1-0A32900286A0}.Debug|x86.ActiveCfg = Debug|x86
		{BBE69859-B36E-4D2B-B7F1-0A32900286A0}.Debug|x86.Build.0 = Debug|x86
		{BBE69859-B36E-4D2B-B7F1-0A32900286A0}.Release|Any CPU.ActiveCfg = Release|x86
		{BBE69859-B36E-4D2B-B7F1-0A32900286A0}.Release|x64.ActiveCfg = Release|x64
		{BBE69859-B36E-4D2B-B7F1-0A32900286A0}.Release|x64.Build.0 = Release|x64
		{BBE69859-B36E-4D2B-B7F1-0A32900286A0}.Release|x86.ActiveCfg = Release|x86
		{BBE69859-B36E-4D2B-B7F1-0A32900286A0}.Release|x86.Build.0 = Release|x86
		{BBE69859-B36E-4D2B-B7F1-0A32900286A0}.TestApps|Any CPU.ActiveCfg = TestApps|x86
		{BBE69859-B36E-4D2B-B7F1-0A32900286A0}.TestApps|x64.ActiveCfg = TestApps|x64
		{BBE69859-B36E-4D2B-B7F1-0A32900286A0}.TestApps|x64.Build.0 = TestApps|x64
		{BBE69859-B36E-4D2B-B7F1-0A32900286A0}.TestApps|x86.ActiveCfg = TestApps|x86
		{2DDC2238-E5C6-4297-B607-9EA7975DBF36}.Debug|Any CPU.ActiveCfg = Debug|x86
		{2DDC2238-E5C6-4297-B607-9EA7975DBF36}.Debug|x64.ActiveCfg = Debug|x64
		{2DDC2238-E5C6-4297-B607-9EA7975DBF36}.Debug|x64.Build.0 = Debug|x64
		{2DDC2238-E5C6-4297-B607-9EA7975DBF36}.Debug|x86.ActiveCfg = Debug|x86
		{2DDC2238-E5C6-4297-B607-9EA7975DBF36}.Debug|x86.Build.0 = Debug|x86
		{2DDC2238-E5C6-4297-B607-9EA7975DBF36}.Release|Any CPU.ActiveCfg = Release|x86
		{2DDC2238-E5C6-4297-B607-9EA7975DBF36}.Release|x64.ActiveCfg = Release|x64
		{2DDC2238-E5C6-4297-B607-9EA7975DBF36}.Release|x64.Build.0 = Release|x64
		{2DDC2238-E5C6-4297-B607-9EA7975DBF36}.Release|x86.ActiveCfg = Release|x86
		{2DDC2238-E5C6-4297-B607-9EA7975DBF36}.Release|x86.Build.0 = Release|x86
		{2DDC2238-E5C6-4297-B607-9EA7975DBF36}.TestApps|Any CPU.ActiveCfg = TestApps|x86
		{2DDC2238-E5C6-4297-B607-9EA7975DBF36}.TestApps|x64.ActiveCfg = TestApps|x64
		{2DDC2238-E5C6-4297-B607-9EA7975DBF36}.TestApps|x64.Build.0 = TestApps|x64
		{2DDC2238-E5C6-4297-B607-9EA7975DBF36}.TestApps|x86.ActiveCfg = TestApps|x86
		{3D7A1BDA-4262-4CBC-93B5-41421018044A}.Debug|Any CPU.ActiveCfg = Debug|Any CPU
		{3D7A1BDA-4262-4CBC-93B5-41421018044A}.Debug|Any CPU.Build.0 = Debug|Any CPU
		{3D7A1BDA-4262-4CBC-93B5-41421018044A}.Debug|x64.ActiveCfg = Debug|Any CPU
		{3D7A1BDA-4262-4CBC-93B5-41421018044A}.Debug|x64.Build.0 = Debug|Any CPU
		{3D7A1BDA-4262-4CBC-93B5-41421018044A}.Debug|x86.ActiveCfg = Debug|Any CPU
		{3D7A1BDA-4262-4CBC-93B5-41421018044A}.Release|Any CPU.ActiveCfg = Release|Any CPU
		{3D7A1BDA-4262-4CBC-93B5-41421018044A}.Release|Any CPU.Build.0 = Release|Any CPU
		{3D7A1BDA-4262-4CBC-93B5-41421018044A}.Release|x64.ActiveCfg = Release|Any CPU
		{3D7A1BDA-4262-4CBC-93B5-41421018044A}.Release|x64.Build.0 = Release|Any CPU
		{3D7A1BDA-4262-4CBC-93B5-41421018044A}.Release|x86.ActiveCfg = Release|Any CPU
		{3D7A1BDA-4262-4CBC-93B5-41421018044A}.TestApps|Any CPU.ActiveCfg = TestApps|Any CPU
		{3D7A1BDA-4262-4CBC-93B5-41421018044A}.TestApps|x64.ActiveCfg = TestApps|Any CPU
		{3D7A1BDA-4262-4CBC-93B5-41421018044A}.TestApps|x64.Build.0 = TestApps|Any CPU
		{3D7A1BDA-4262-4CBC-93B5-41421018044A}.TestApps|x86.ActiveCfg = TestApps|Any CPU
		{3D7A1BDA-4262-4CBC-93B5-41421018044A}.TestApps|x86.Build.0 = TestApps|Any CPU
		{4B9F951B-A79B-4FDA-A6A4-84F3E4754FC5}.Debug|Any CPU.ActiveCfg = Debug|Any CPU
		{4B9F951B-A79B-4FDA-A6A4-84F3E4754FC5}.Debug|Any CPU.Build.0 = Debug|Any CPU
		{4B9F951B-A79B-4FDA-A6A4-84F3E4754FC5}.Debug|x64.ActiveCfg = Debug|Any CPU
		{4B9F951B-A79B-4FDA-A6A4-84F3E4754FC5}.Debug|x64.Build.0 = Debug|Any CPU
		{4B9F951B-A79B-4FDA-A6A4-84F3E4754FC5}.Debug|x86.ActiveCfg = Debug|Any CPU
		{4B9F951B-A79B-4FDA-A6A4-84F3E4754FC5}.Release|Any CPU.ActiveCfg = Release|Any CPU
		{4B9F951B-A79B-4FDA-A6A4-84F3E4754FC5}.Release|Any CPU.Build.0 = Release|Any CPU
		{4B9F951B-A79B-4FDA-A6A4-84F3E4754FC5}.Release|x64.ActiveCfg = Release|Any CPU
		{4B9F951B-A79B-4FDA-A6A4-84F3E4754FC5}.Release|x64.Build.0 = Release|Any CPU
		{4B9F951B-A79B-4FDA-A6A4-84F3E4754FC5}.Release|x86.ActiveCfg = Release|Any CPU
		{4B9F951B-A79B-4FDA-A6A4-84F3E4754FC5}.TestApps|Any CPU.ActiveCfg = TestApps|Any CPU
		{4B9F951B-A79B-4FDA-A6A4-84F3E4754FC5}.TestApps|x64.ActiveCfg = TestApps|Any CPU
		{4B9F951B-A79B-4FDA-A6A4-84F3E4754FC5}.TestApps|x64.Build.0 = TestApps|Any CPU
		{4B9F951B-A79B-4FDA-A6A4-84F3E4754FC5}.TestApps|x86.ActiveCfg = TestApps|Any CPU
		{4B9F951B-A79B-4FDA-A6A4-84F3E4754FC5}.TestApps|x86.Build.0 = TestApps|Any CPU
		{C8AAB8A9-E68C-483D-9C7F-214350902CCE}.Debug|Any CPU.ActiveCfg = Debug|Any CPU
		{C8AAB8A9-E68C-483D-9C7F-214350902CCE}.Debug|Any CPU.Build.0 = Debug|Any CPU
		{C8AAB8A9-E68C-483D-9C7F-214350902CCE}.Debug|x64.ActiveCfg = Debug|Any CPU
		{C8AAB8A9-E68C-483D-9C7F-214350902CCE}.Debug|x64.Build.0 = Debug|Any CPU
		{C8AAB8A9-E68C-483D-9C7F-214350902CCE}.Debug|x86.ActiveCfg = Debug|Any CPU
		{C8AAB8A9-E68C-483D-9C7F-214350902CCE}.Debug|x86.Build.0 = Debug|Any CPU
		{C8AAB8A9-E68C-483D-9C7F-214350902CCE}.Release|Any CPU.ActiveCfg = Release|Any CPU
		{C8AAB8A9-E68C-483D-9C7F-214350902CCE}.Release|Any CPU.Build.0 = Release|Any CPU
		{C8AAB8A9-E68C-483D-9C7F-214350902CCE}.Release|x64.ActiveCfg = Release|Any CPU
		{C8AAB8A9-E68C-483D-9C7F-214350902CCE}.Release|x64.Build.0 = Release|Any CPU
		{C8AAB8A9-E68C-483D-9C7F-214350902CCE}.Release|x86.ActiveCfg = Release|Any CPU
		{C8AAB8A9-E68C-483D-9C7F-214350902CCE}.Release|x86.Build.0 = Release|Any CPU
		{C8AAB8A9-E68C-483D-9C7F-214350902CCE}.TestApps|Any CPU.ActiveCfg = Debug|Any CPU
		{C8AAB8A9-E68C-483D-9C7F-214350902CCE}.TestApps|Any CPU.Build.0 = Debug|Any CPU
		{C8AAB8A9-E68C-483D-9C7F-214350902CCE}.TestApps|x64.ActiveCfg = Debug|Any CPU
		{C8AAB8A9-E68C-483D-9C7F-214350902CCE}.TestApps|x64.Build.0 = Debug|Any CPU
		{C8AAB8A9-E68C-483D-9C7F-214350902CCE}.TestApps|x86.ActiveCfg = Debug|Any CPU
		{C8AAB8A9-E68C-483D-9C7F-214350902CCE}.TestApps|x86.Build.0 = Debug|Any CPU
		{5E6D369F-7F00-4C44-8BC1-1E72C905492B}.Debug|Any CPU.ActiveCfg = Debug|x86
		{5E6D369F-7F00-4C44-8BC1-1E72C905492B}.Debug|x64.ActiveCfg = Debug|x64
		{5E6D369F-7F00-4C44-8BC1-1E72C905492B}.Debug|x64.Build.0 = Debug|x64
		{5E6D369F-7F00-4C44-8BC1-1E72C905492B}.Debug|x86.ActiveCfg = Debug|x86
		{5E6D369F-7F00-4C44-8BC1-1E72C905492B}.Debug|x86.Build.0 = Debug|x86
		{5E6D369F-7F00-4C44-8BC1-1E72C905492B}.Release|Any CPU.ActiveCfg = Release|x86
		{5E6D369F-7F00-4C44-8BC1-1E72C905492B}.Release|x64.ActiveCfg = Release|x64
		{5E6D369F-7F00-4C44-8BC1-1E72C905492B}.Release|x64.Build.0 = Release|x64
		{5E6D369F-7F00-4C44-8BC1-1E72C905492B}.Release|x86.ActiveCfg = Release|x86
		{5E6D369F-7F00-4C44-8BC1-1E72C905492B}.Release|x86.Build.0 = Release|x86
		{5E6D369F-7F00-4C44-8BC1-1E72C905492B}.TestApps|Any CPU.ActiveCfg = TestApps|x86
		{5E6D369F-7F00-4C44-8BC1-1E72C905492B}.TestApps|x64.ActiveCfg = TestApps|x64
		{5E6D369F-7F00-4C44-8BC1-1E72C905492B}.TestApps|x64.Build.0 = TestApps|x64
		{5E6D369F-7F00-4C44-8BC1-1E72C905492B}.TestApps|x86.ActiveCfg = TestApps|x86
		{5E6D369F-7F00-4C44-8BC1-1E72C905492B}.TestApps|x86.Build.0 = TestApps|x86
		{8FEDBF0B-CC55-495B-92D4-2C2F2CA53AEA}.Debug|Any CPU.ActiveCfg = Debug|Any CPU
		{8FEDBF0B-CC55-495B-92D4-2C2F2CA53AEA}.Debug|Any CPU.Build.0 = Debug|Any CPU
		{8FEDBF0B-CC55-495B-92D4-2C2F2CA53AEA}.Debug|x64.ActiveCfg = Debug|Any CPU
		{8FEDBF0B-CC55-495B-92D4-2C2F2CA53AEA}.Debug|x64.Build.0 = Debug|Any CPU
		{8FEDBF0B-CC55-495B-92D4-2C2F2CA53AEA}.Debug|x86.ActiveCfg = Debug|Any CPU
		{8FEDBF0B-CC55-495B-92D4-2C2F2CA53AEA}.Debug|x86.Build.0 = Debug|Any CPU
		{8FEDBF0B-CC55-495B-92D4-2C2F2CA53AEA}.Release|Any CPU.ActiveCfg = Release|Any CPU
		{8FEDBF0B-CC55-495B-92D4-2C2F2CA53AEA}.Release|Any CPU.Build.0 = Release|Any CPU
		{8FEDBF0B-CC55-495B-92D4-2C2F2CA53AEA}.Release|x64.ActiveCfg = Release|Any CPU
		{8FEDBF0B-CC55-495B-92D4-2C2F2CA53AEA}.Release|x64.Build.0 = Release|Any CPU
		{8FEDBF0B-CC55-495B-92D4-2C2F2CA53AEA}.Release|x86.ActiveCfg = Release|Any CPU
		{8FEDBF0B-CC55-495B-92D4-2C2F2CA53AEA}.Release|x86.Build.0 = Release|Any CPU
		{8FEDBF0B-CC55-495B-92D4-2C2F2CA53AEA}.TestApps|Any CPU.ActiveCfg = Release|Any CPU
		{8FEDBF0B-CC55-495B-92D4-2C2F2CA53AEA}.TestApps|Any CPU.Build.0 = Release|Any CPU
		{8FEDBF0B-CC55-495B-92D4-2C2F2CA53AEA}.TestApps|x64.ActiveCfg = Release|Any CPU
		{8FEDBF0B-CC55-495B-92D4-2C2F2CA53AEA}.TestApps|x64.Build.0 = Release|Any CPU
		{8FEDBF0B-CC55-495B-92D4-2C2F2CA53AEA}.TestApps|x86.ActiveCfg = Release|Any CPU
		{8FEDBF0B-CC55-495B-92D4-2C2F2CA53AEA}.TestApps|x86.Build.0 = Release|Any CPU
		{D9D04929-AF99-48CC-890C-0D4558AC1F61}.Debug|Any CPU.ActiveCfg = Debug|x86
		{D9D04929-AF99-48CC-890C-0D4558AC1F61}.Debug|x64.ActiveCfg = Debug|x64
		{D9D04929-AF99-48CC-890C-0D4558AC1F61}.Debug|x64.Build.0 = Debug|x64
		{D9D04929-AF99-48CC-890C-0D4558AC1F61}.Debug|x86.ActiveCfg = Debug|x86
		{D9D04929-AF99-48CC-890C-0D4558AC1F61}.Debug|x86.Build.0 = Debug|x86
		{D9D04929-AF99-48CC-890C-0D4558AC1F61}.Release|Any CPU.ActiveCfg = Release|x86
		{D9D04929-AF99-48CC-890C-0D4558AC1F61}.Release|x64.ActiveCfg = Release|x64
		{D9D04929-AF99-48CC-890C-0D4558AC1F61}.Release|x64.Build.0 = Release|x64
		{D9D04929-AF99-48CC-890C-0D4558AC1F61}.Release|x86.ActiveCfg = Release|x86
		{D9D04929-AF99-48CC-890C-0D4558AC1F61}.Release|x86.Build.0 = Release|x86
		{D9D04929-AF99-48CC-890C-0D4558AC1F61}.TestApps|Any CPU.ActiveCfg = Release|x86
		{D9D04929-AF99-48CC-890C-0D4558AC1F61}.TestApps|Any CPU.Build.0 = Release|x86
		{D9D04929-AF99-48CC-890C-0D4558AC1F61}.TestApps|x64.ActiveCfg = Release|x64
		{D9D04929-AF99-48CC-890C-0D4558AC1F61}.TestApps|x64.Build.0 = Release|x64
		{D9D04929-AF99-48CC-890C-0D4558AC1F61}.TestApps|x86.ActiveCfg = Release|x86
		{D9D04929-AF99-48CC-890C-0D4558AC1F61}.TestApps|x86.Build.0 = Release|x86
		{32747DBB-076F-48D4-8A4F-B062DC8CDEEB}.Debug|Any CPU.ActiveCfg = Debug|x86
		{32747DBB-076F-48D4-8A4F-B062DC8CDEEB}.Debug|x64.ActiveCfg = Debug|x64
		{32747DBB-076F-48D4-8A4F-B062DC8CDEEB}.Debug|x64.Build.0 = Debug|x64
		{32747DBB-076F-48D4-8A4F-B062DC8CDEEB}.Debug|x86.ActiveCfg = Debug|x86
		{32747DBB-076F-48D4-8A4F-B062DC8CDEEB}.Debug|x86.Build.0 = Debug|x86
		{32747DBB-076F-48D4-8A4F-B062DC8CDEEB}.Release|Any CPU.ActiveCfg = Release|x86
		{32747DBB-076F-48D4-8A4F-B062DC8CDEEB}.Release|x64.ActiveCfg = Release|x64
		{32747DBB-076F-48D4-8A4F-B062DC8CDEEB}.Release|x64.Build.0 = Release|x64
		{32747DBB-076F-48D4-8A4F-B062DC8CDEEB}.Release|x86.ActiveCfg = Release|x86
		{32747DBB-076F-48D4-8A4F-B062DC8CDEEB}.Release|x86.Build.0 = Release|x86
		{32747DBB-076F-48D4-8A4F-B062DC8CDEEB}.TestApps|Any CPU.ActiveCfg = Release|x86
		{32747DBB-076F-48D4-8A4F-B062DC8CDEEB}.TestApps|Any CPU.Build.0 = Release|x86
		{32747DBB-076F-48D4-8A4F-B062DC8CDEEB}.TestApps|x64.ActiveCfg = Release|x64
		{32747DBB-076F-48D4-8A4F-B062DC8CDEEB}.TestApps|x64.Build.0 = Release|x64
		{32747DBB-076F-48D4-8A4F-B062DC8CDEEB}.TestApps|x86.ActiveCfg = Release|x86
		{32747DBB-076F-48D4-8A4F-B062DC8CDEEB}.TestApps|x86.Build.0 = Release|x86
	EndGlobalSection
	GlobalSection(SolutionProperties) = preSolution
		HideSolutionNode = FALSE
	EndGlobalSection
	GlobalSection(ExtensibilityGlobals) = postSolution
		SolutionGuid = {EA4D77F4-B65B-4C57-99D7-44E4B2C95B8B}
	EndGlobalSection
EndGlobal
