
Microsoft Visual Studio Solution File, Format Version 12.00
# Visual Studio 14
VisualStudioVersion = 14.0.25420.1
MinimumVisualStudioVersion = 10.0.40219.1
Project("{FAE04EC0-301F-11D3-BF4B-00C04F79EFBC}") = "UPNP Test Thing", "UPNP Test Thing\UPNP Test Thing.csproj", "{3D7A1BDA-4262-4CBC-93B5-41421018044A}"
EndProject
Global
	GlobalSection(SolutionConfigurationPlatforms) = preSolution
		Debug|Any CPU = Debug|Any CPU
		Release|Any CPU = Release|Any CPU
	EndGlobalSection
	GlobalSection(ProjectConfigurationPlatforms) = postSolution
		{3D7A1BDA-4262-4CBC-93B5-41421018044A}.Debug|Any CPU.ActiveCfg = Debug|Any CPU
		{3D7A1BDA-4262-4CBC-93B5-41421018044A}.Debug|Any CPU.Build.0 = Debug|Any CPU
		{3D7A1BDA-4262-4CBC-93B5-41421018044A}.Release|Any CPU.ActiveCfg = Release|Any CPU
		{3D7A1BDA-4262-4CBC-93B5-41421018044A}.Release|Any CPU.Build.0 = Release|Any CPU
	EndGlobalSection
	GlobalSection(SolutionProperties) = preSolution
		HideSolutionNode = FALSE
	EndGlobalSection
EndGlobal
